
Microsoft Visual Studio Solution File, Format Version 12.00
# Visual Studio Version 16
VisualStudioVersion = 16.0.29806.167
MinimumVisualStudioVersion = 10.0.40219.1
Project("{FAE04EC0-301F-11D3-BF4B-00C04F79EFBC}") = "WindowsFormsApp2", "WindowsFormsApp2\WindowsFormsApp2.csproj", "{3A82CAE5-1A65-4F5D-A564-E2637CB5DA82}"
EndProject
Global
	GlobalSection(SolutionConfigurationPlatforms) = preSolution
		Debug|Any CPU = Debug|Any CPU
		Release|Any CPU = Release|Any CPU
	EndGlobalSection
	GlobalSection(ProjectConfigurationPlatforms) = postSolution
		{3A82CAE5-1A65-4F5D-A564-E2637CB5DA82}.Debug|Any CPU.ActiveCfg = Debug|Any CPU
		{3A82CAE5-1A65-4F5D-A564-E2637CB5DA82}.Debug|Any CPU.Build.0 = Debug|Any CPU
		{3A82CAE5-1A65-4F5D-A564-E2637CB5DA82}.Release|Any CPU.ActiveCfg = Release|Any CPU
		{3A82CAE5-1A65-4F5D-A564-E2637CB5DA82}.Release|Any CPU.Build.0 = Release|Any CPU
	EndGlobalSection
	GlobalSection(SolutionProperties) = preSolution
		HideSolutionNode = FALSE
	EndGlobalSection
	GlobalSection(ExtensibilityGlobals) = postSolution
		SolutionGuid = {C835D762-2213-406F-95AF-FFE0B6CB9363}
	EndGlobalSection
EndGlobal
